{
  "name": "graphology-layout-fruchterman-reingold",
  "version": "1.0.0",
  "lockfileVersion": 2,
  "requires": true,
  "packages": {
    "": {
      "version": "1.0.0",
      "license": "MIT",
      "dependencies": {
        "graphology-utils": "^2.1.0"
      },
      "devDependencies": {
        "graphology-types": "^0.19.2",
        "typescript": "^4.3.2"
      }
    },
    "node_modules/graphology-types": {
      "version": "0.19.2",
      "resolved": "https://registry.npmjs.org/graphology-types/-/graphology-types-0.19.2.tgz",
      "integrity": "sha512-1JO26jHK4rqaXq9kBxH5dOc2AIrOxMA382m+W6ccJMLKoj/NYXVEB0I8nlIRUKNxM+oUsL0GjxNJZAbJp2WNwg=="
    },
    "node_modules/graphology-utils": {
      "version": "2.1.0",
      "resolved": "https://registry.npmjs.org/graphology-utils/-/graphology-utils-2.1.0.tgz",
      "integrity": "sha512-riI6qHSORCBXpTEtNmJ/0Sp0FQkWanv2WEnirMyQufUdr8gVwmRQCVoA+6o5K+YlT4elpS8jjFRBHNGCtsRf1w==",
      "peerDependencies": {
        "graphology-types": ">=0.19.0"
      }
    },
    "node_modules/typescript": {
      "version": "4.3.2",
      "resolved": "https://registry.npmjs.org/typescript/-/typescript-4.3.2.tgz",
      "integrity": "sha512-zZ4hShnmnoVnAHpVHWpTcxdv7dWP60S2FsydQLV8V5PbS3FifjWFFRiHSWpDJahly88PRyV5teTSLoq4eG7mKw==",
      "dev": true,
      "bin": {
        "tsc": "bin/tsc",
        "tsserver": "bin/tsserver"
      },
      "engines": {
        "node": ">=4.2.0"
      }
    }
  },
  "dependencies": {
    "graphology-types": {
      "version": "0.19.2",
      "resolved": "https://registry.npmjs.org/graphology-types/-/graphology-types-0.19.2.tgz",
      "integrity": "sha512-1JO26jHK4rqaXq9kBxH5dOc2AIrOxMA382m+W6ccJMLKoj/NYXVEB0I8nlIRUKNxM+oUsL0GjxNJZAbJp2WNwg=="
    },
    "graphology-utils": {
      "version": "2.1.0",
      "resolved": "https://registry.npmjs.org/graphology-utils/-/graphology-utils-2.1.0.tgz",
      "integrity": "sha512-riI6qHSORCBXpTEtNmJ/0Sp0FQkWanv2WEnirMyQufUdr8gVwmRQCVoA+6o5K+YlT4elpS8jjFRBHNGCtsRf1w==",
      "requires": {}
    },
    "typescript": {
      "version": "4.3.2",
      "resolved": "https://registry.npmjs.org/typescript/-/typescript-4.3.2.tgz",
      "integrity": "sha512-zZ4hShnmnoVnAHpVHWpTcxdv7dWP60S2FsydQLV8V5PbS3FifjWFFRiHSWpDJahly88PRyV5teTSLoq4eG7mKw==",
      "dev": true
    }
  }
}
